
Microsoft Visual Studio Solution File, Format Version 12.00
# Visual Studio 14
VisualStudioVersion = 14.0.25420.1
MinimumVisualStudioVersion = 10.0.40219.1
Project("{E24C65DC-7377-472B-9ABA-BC803B73C61A}") = "GP29", ".", "{0AF313A1-190B-44D8-AF49-1ED9A0C45110}"
	ProjectSection(WebsiteProperties) = preProject
		TargetFrameworkMoniker = ".NETFramework,Version%3Dv4.5.2"
		Debug.AspNetCompiler.VirtualPath = "/localhost_4892"
		Debug.AspNetCompiler.PhysicalPath = "..\GP29\"
		Debug.AspNetCompiler.TargetPath = "PrecompiledWeb\localhost_4892\"
		Debug.AspNetCompiler.Updateable = "true"
		Debug.AspNetCompiler.ForceOverwrite = "true"
		Debug.AspNetCompiler.FixedNames = "false"
		Debug.AspNetCompiler.Debug = "True"
		Release.AspNetCompiler.VirtualPath = "/localhost_4892"
		Release.AspNetCompiler.PhysicalPath = "..\GP29\"
		Release.AspNetCompiler.TargetPath = "PrecompiledWeb\localhost_4892\"
		Release.AspNetCompiler.Updateable = "true"
		Release.AspNetCompiler.ForceOverwrite = "true"
		Release.AspNetCompiler.FixedNames = "false"
		Release.AspNetCompiler.Debug = "False"
		VWDPort = "4892"
		SlnRelativePath = "..\GP29\"
	EndProjectSection
EndProject
Global
	GlobalSection(SolutionConfigurationPlatforms) = preSolution
		Debug|Any CPU = Debug|Any CPU
	EndGlobalSection
	GlobalSection(ProjectConfigurationPlatforms) = postSolution
		{0AF313A1-190B-44D8-AF49-1ED9A0C45110}.Debug|Any CPU.ActiveCfg = Debug|Any CPU
		{0AF313A1-190B-44D8-AF49-1ED9A0C45110}.Debug|Any CPU.Build.0 = Debug|Any CPU
	EndGlobalSection
	GlobalSection(SolutionProperties) = preSolution
		HideSolutionNode = FALSE
	EndGlobalSection
EndGlobal
